
Microsoft Visual Studio Solution File, Format Version 12.00
# Visual Studio Version 17
VisualStudioVersion = 17.1.32319.34
MinimumVisualStudioVersion = 10.0.40219.1
Project("{FAE04EC0-301F-11D3-BF4B-00C04F79EFBC}") = "CompanyAPI", "CompanyAPI\CompanyAPI.csproj", "{DC283946-C3EC-4E9E-86D4-89424AE9E1E5}"
EndProject
Project("{FAE04EC0-301F-11D3-BF4B-00C04F79EFBC}") = "CompanyAPI.Repositories", "CompanyAPI.Repositories\CompanyAPI.Repositories.csproj", "{4CE6D610-D376-4FE0-B6CA-F912513386EE}"
EndProject
Project("{FAE04EC0-301F-11D3-BF4B-00C04F79EFBC}") = "CompanyAPI.Models", "CompanyAPI.Models\CompanyAPI.Models.csproj", "{A7EA1EDB-4B0B-460E-B627-2CEAD4BF8D05}"
EndProject
Global
	GlobalSection(SolutionConfigurationPlatforms) = preSolution
		Debug|Any CPU = Debug|Any CPU
		Release|Any CPU = Release|Any CPU
	EndGlobalSection
	GlobalSection(ProjectConfigurationPlatforms) = postSolution
		{DC283946-C3EC-4E9E-86D4-89424AE9E1E5}.Debug|Any CPU.ActiveCfg = Debug|Any CPU
		{DC283946-C3EC-4E9E-86D4-89424AE9E1E5}.Debug|Any CPU.Build.0 = Debug|Any CPU
		{DC283946-C3EC-4E9E-86D4-89424AE9E1E5}.Release|Any CPU.ActiveCfg = Release|Any CPU
		{DC283946-C3EC-4E9E-86D4-89424AE9E1E5}.Release|Any CPU.Build.0 = Release|Any CPU
		{4CE6D610-D376-4FE0-B6CA-F912513386EE}.Debug|Any CPU.ActiveCfg = Debug|Any CPU
		{4CE6D610-D376-4FE0-B6CA-F912513386EE}.Debug|Any CPU.Build.0 = Debug|Any CPU
		{4CE6D610-D376-4FE0-B6CA-F912513386EE}.Release|Any CPU.ActiveCfg = Release|Any CPU
		{4CE6D610-D376-4FE0-B6CA-F912513386EE}.Release|Any CPU.Build.0 = Release|Any CPU
		{A7EA1EDB-4B0B-460E-B627-2CEAD4BF8D05}.Debug|Any CPU.ActiveCfg = Debug|Any CPU
		{A7EA1EDB-4B0B-460E-B627-2CEAD4BF8D05}.Debug|Any CPU.Build.0 = Debug|Any CPU
		{A7EA1EDB-4B0B-460E-B627-2CEAD4BF8D05}.Release|Any CPU.ActiveCfg = Release|Any CPU
		{A7EA1EDB-4B0B-460E-B627-2CEAD4BF8D05}.Release|Any CPU.Build.0 = Release|Any CPU
	EndGlobalSection
	GlobalSection(SolutionProperties) = preSolution
		HideSolutionNode = FALSE
	EndGlobalSection
	GlobalSection(ExtensibilityGlobals) = postSolution
		SolutionGuid = {6B6CA483-8E7F-4317-BBA1-97125DA4FCCE}
	EndGlobalSection
EndGlobal
